# This file is autogenerated, do not edit; changes may be undone by the next 'dep ensure'.


[[projects]]
  name = "github.com/go-yaml/yaml"
  packages = ["."]
  revision = "51d6538a90f86fe93ac480b35f37b2be17fef232"
  version = "v2.2.2"

[[projects]]
  name = "github.com/influxdata/influxdb"
  packages = ["client/v2","models","pkg/escape"]
  revision = "2f49e00f7f3801a506304c3b6d8165b2f4039f3d"
  version = "v1.7.5"

[[projects]]
  name = "github.com/influxdata/platform"
  packages = ["models","pkg/escape"]
  revision = "0f79e4ea3248354c789cba274542e0a8e55971db"

[[projects]]
  name = "github.com/konsorten/go-windows-terminal-sequences"
  packages = ["."]
  revision = "f55edac94c9bbba5d6182a4be46d86a2c9b5b50e"
  version = "v1.0.2"

[[projects]]
  name = "github.com/sirupsen/logrus"
  packages = ["."]
  revision = "8bdbc7bcc01dcbb8ec23dc8a28e332258d25251f"
  version = "v1.4.1"

[[projects]]
  branch = "master"
  name = "golang.org/x/net"
  packages = ["bpf","icmp","internal/iana","internal/socket","ipv4","ipv6"]
  revision = "f4e77d36d62c17c2336347bb2670ddbd02d092b7"

[[projects]]
  branch = "master"
  name = "golang.org/x/sys"
  packages = ["unix"]
  revision = "0ad05ae3009d6413d3363aa09b350b2ec37daf09"

[solve-meta]
  analyzer-name = "dep"
  analyzer-version = 1
  inputs-digest = "0f0da78a1e219b9d20f9e741d8f7997fa32096c7fa1470318ec342fa56d43e06"
  solver-name = "gps-cdcl"
  solver-version = 1
