# This file is autogenerated, do not edit; changes may be undone by the next 'dep ensure'.


[[projects]]
  name = "github.com/go-yaml/yaml"
  packages = ["."]
  revision = "51d6538a90f86fe93ac480b35f37b2be17fef232"
  version = "v2.2.2"

[solve-meta]
  analyzer-name = "dep"
  analyzer-version = 1
  inputs-digest = "053bf567a5ce90d2e89fa7b9149350223218fa5b0b469915606095f9acd1ddfc"
  solver-name = "gps-cdcl"
  solver-version = 1
